github.com/BurntSushi/toml v0.0.0-20160717150709-99064174e013 h1:8kwKwd3A/Fg0zN3OlURh5n1tqTR77TSECGH7NfK4HjE=
github.com/BurntSushi/toml v0.0.0-20160717150709-99064174e013/go.mod h1:xHWCNGjB5oqiDr8zfno3MHue2Ht5sIBksp03qcyfWMU=
github.com/davecgh/go-spew v0.0.0-20161029205726-346938d642f2 h1:XOrfDPcKx4t8uY9mnvidzHKxZLIUCLoGRNpXLO4dEsw=
github.com/davecgh/go-spew v0.0.0-20161029205726-346938d642f2/go.mod h1:J7Y8YcW2NihsgmVo/mv3lAwl/skON4iLHjSsI+c5H38=
github.com/google/go-querystring v0.0.0-20160401233042-9235644dd9e5 h1:oERTZ1buOUYlpmKaqlO5fYmz8cZ1rYu5DieJzF4ZVmU=
github.com/google/go-querystring v0.0.0-20160401233042-9235644dd9e5/go.mod h1:odCYkC5MyYFN7vkCjXpyrEuKhc/BUO6wN/zVPAxq5ck=
github.com/k0kubun/pp v0.0.0-20160602144626-f5dce6ed0ccf h1:b2MbwDUlnw6Edl+TINs8X2rzSqcAQsSGl/5Z7fsSkD4=
github.com/k0kubun/pp v0.0.0-20160602144626-f5dce6ed0ccf/go.mod h1:GWse8YhT0p8pT4ir3ZgBbfZild3tgzSScAn6HmfYukg=
github.com/mattn/go-colorable v0.0.0-20161103160040-d22884950486 h1:7z6ReZnJtmX+GS1uRWD459ZGAJxOXgxtRlNyIVdHqoQ=
github.com/mattn/go-colorable v0.0.0-20161103160040-d22884950486/go.mod h1:9vuHe8Xs5qXnSaW/c/ABM9alt+Vo+STaOChaDxuIBZU=
github.com/mattn/go-isatty v0.0.0-20160806122752-66b8e73f3f5c/go.mod h1:M+lRXTBqGeGNdLjl/ufCoiOlB5xdOkqRJdNxMWT7Zi4=
github.com/pkg/errors v0.8.0 h1:WdK/asTD0HN+q6hsWO3/vpuAkAr+tw6aNJNDFFf0+qw=
github.com/pkg/errors v0.8.0/go.mod h1:bwawxfHBFNV+L2hUp1rHADufV3IMtnDRdf1r5NINEl0=
github.com/pmezard/go-difflib v0.0.0-20160110105554-792786c7400a h1:v1bhu6oHvcnZjkPXhKqrHv4SkiCmaSM03i7HTkVFDKw=
github.com/pmezard/go-difflib v0.0.0-20160110105554-792786c7400a/go.mod h1:iKH77koFhYxTK1pcRnkKkqfTogsbg7gZNVY4sRDYZ/4=
github.com/stretchr/testify v0.0.0-20160925220609-976c720a22c8 h1:8wC8CPnIozQ1PGwYrFIxpYp10uhkEYhuTnoEJWrVj84=
github.com/stretchr/testify v0.0.0-20160925220609-976c720a22c8/go.mod h1:a8OnRcib4nhh0OaRAV+Yts87kKdq0PP7pXfy6kDkUVs=
golang.org/x/sys v0.0.0-20161110161252-b699b7032584/go.mod h1:STP8DvDyc/dI5b8T5hshtkjS+E42TnysNCUPdjciGhY=
